
Microsoft Visual Studio Solution File, Format Version 12.00
# Visual Studio 15
VisualStudioVersion = 15.0.26730.10
MinimumVisualStudioVersion = 10.0.40219.1
Project("{FAE04EC0-301F-11D3-BF4B-00C04F79EFBC}") = "Example1-1Threads", "CSharpMicrostExam\Example1-1Threads.csproj", "{5E93C636-47B8-4743-AD40-E189F5C41444}"
EndProject
Project("{FAE04EC0-301F-11D3-BF4B-00C04F79EFBC}") = "Example1-2BackgroundThread", "Example1-2BackgroundThread\Example1-2BackgroundThread.csproj", "{02A36F3D-9A2A-4BE2-B0AB-4E79A43A8418}"
EndProject
Project("{FAE04EC0-301F-11D3-BF4B-00C04F79EFBC}") = "Example1-3ParameterizedThread", "Example1-3ParameterizedThread\Example1-3ParameterizedThread.csproj", "{9C273E8E-B4BA-432E-8C37-029442ECEC36}"
EndProject
Project("{FAE04EC0-301F-11D3-BF4B-00C04F79EFBC}") = "Example1-4StoppingAThread", "Example1-4StoppingAThread\Example1-4StoppingAThread.csproj", "{FDB06F21-8A24-427F-97DC-A10F64588FB0}"
EndProject
Project("{FAE04EC0-301F-11D3-BF4B-00C04F79EFBC}") = "Example1-5ThreadStaticAttribute", "Example1-5ThreadStaticAttribute\Example1-5ThreadStaticAttribute.csproj", "{E3A8A99B-F6C8-47B4-B93E-06E55F23ACAD}"
EndProject
Project("{FAE04EC0-301F-11D3-BF4B-00C04F79EFBC}") = "Example1-6ThreadLocalT", "Example1-6ThreadLocalT\Example1-6ThreadLocalT.csproj", "{2ECBE407-0ABF-4EB6-9086-0CC426032103}"
EndProject
Project("{FAE04EC0-301F-11D3-BF4B-00C04F79EFBC}") = "Example1-7QueuingUsingThreadPool", "Example1-7QueuingUsingThreadPool\Example1-7QueuingUsingThreadPool.csproj", "{460F0D97-0573-4A16-9682-0BBD38EF432C}"
EndProject
Project("{FAE04EC0-301F-11D3-BF4B-00C04F79EFBC}") = "Example1-8StartingATask", "Example1-8StartingATask\Example1-8StartingATask.csproj", "{748704BF-36B3-46F2-B8B3-EB831EE49135}"
EndProject
Project("{FAE04EC0-301F-11D3-BF4B-00C04F79EFBC}") = "Example1-9TaskReturningValue", "Example1-9TaskReturningValue\Example1-9TaskReturningValue.csproj", "{421279F3-8733-46A5-86F6-61CFB7A05C83}"
EndProject
Project("{FAE04EC0-301F-11D3-BF4B-00C04F79EFBC}") = "Example1-10AddingATaskContinuation", "Example1-10AddingATaskContinuation\Example1-10AddingATaskContinuation.csproj", "{508A3CFF-A4D4-49FE-A543-B921908D5D88}"
EndProject
Project("{FAE04EC0-301F-11D3-BF4B-00C04F79EFBC}") = "Example1-11DifferentContinuationTasks", "Example1-11DifferentContinuationTasks\Example1-11DifferentContinuationTasks.csproj", "{037FF51C-DF84-41F3-8BF9-9E73BFE0A01B}"
EndProject
Project("{FAE04EC0-301F-11D3-BF4B-00C04F79EFBC}") = "Example1-12AttachingChildTasksToParent", "Example1-12AttachingChildTasksToParent\Example1-12AttachingChildTasksToParent.csproj", "{FD3683BC-B33C-473E-A6D0-7862978E8A31}"
EndProject
Project("{FAE04EC0-301F-11D3-BF4B-00C04F79EFBC}") = "Example1-13UsingATaskFactory", "Example1-13UsingATaskFactory\Example1-13UsingATaskFactory.csproj", "{D65A4B70-8021-42A4-9C71-C4E24BBC5DBF}"
EndProject
Project("{FAE04EC0-301F-11D3-BF4B-00C04F79EFBC}") = "Example1-14TaskWaitAll", "Example1-14TaskWaitAll\Example1-14TaskWaitAll.csproj", "{C0D648D1-D60F-425B-B669-0F934E4B9A9D}"
EndProject
Project("{FAE04EC0-301F-11D3-BF4B-00C04F79EFBC}") = "Example1-15TaskWaitAny", "Example1-15TaskWaitAny\Example1-15TaskWaitAny.csproj", "{D65942A9-31E1-4D80-8FC9-39B38BDC9486}"
EndProject
Project("{FAE04EC0-301F-11D3-BF4B-00C04F79EFBC}") = "Example1-16UsingParallelForAndForeach", "Example1-16UsingParallelForAndForeach\Example1-16UsingParallelForAndForeach.csproj", "{40BA9A12-1137-42DD-8A5E-967EB5D708B7}"
EndProject
Project("{FAE04EC0-301F-11D3-BF4B-00C04F79EFBC}") = "Example1-17UsingParallelBreak", "Example1-17UsingParallelBreak\Example1-17UsingParallelBreak.csproj", "{8FF9FB04-E65B-4666-9EF9-A086448D317B}"
EndProject
Project("{FAE04EC0-301F-11D3-BF4B-00C04F79EFBC}") = "Example1-18AsyncAwait", "Example1-18AsyncAwait\Example1-18AsyncAwait.csproj", "{65021543-5C83-45D7-8506-7CA9E63966E7}"
EndProject
Project("{FAE04EC0-301F-11D3-BF4B-00C04F79EFBC}") = "Example1-19ScalabilityVSResponsiveness", "Example1-19ScalabilityVSResponsiveness\Example1-19ScalabilityVSResponsiveness.csproj", "{D8248FD6-D873-45F9-9E74-07C1E654E903}"
EndProject
Project("{FAE04EC0-301F-11D3-BF4B-00C04F79EFBC}") = "Example1-20UsingConfigureAwait", "Example1-20UsingConfigureAwait\Example1-20UsingConfigureAwait.csproj", "{0CC7C18F-E03F-4EEF-BF37-2F3961E950A9}"
EndProject
Project("{FAE04EC0-301F-11D3-BF4B-00C04F79EFBC}") = "Example1-21ContinueOnThreadPoolNotUiThread", "Example1-21ContinueOnThreadPoolNotUiThread\Example1-21ContinueOnThreadPoolNotUiThread.csproj", "{9D79A5BC-0C5B-49D3-939C-065B351F26B9}"
EndProject
Project("{FAE04EC0-301F-11D3-BF4B-00C04F79EFBC}") = "Example1-22UsingAsParallel", "Example1-22UsingAsParallel\Example1-22UsingAsParallel.csproj", "{2945E1D1-481D-4C2F-8347-BADAB0560809}"
EndProject
Project("{FAE04EC0-301F-11D3-BF4B-00C04F79EFBC}") = "Example1-23UnorderedParallelQuery", "Example1-23UnorderedParallelQuery\Example1-23UnorderedParallelQuery.csproj", "{589C4F45-EAF9-43C6-BF1D-E3E644E0A044}"
EndProject
Project("{FAE04EC0-301F-11D3-BF4B-00C04F79EFBC}") = "Example1-24OrderedParalellQuery", "Example1-24OrderedParalellQuery\Example1-24OrderedParalellQuery.csproj", "{5629D2EE-E2E3-4E3B-A52A-66A5C70D7621}"
EndProject
Project("{FAE04EC0-301F-11D3-BF4B-00C04F79EFBC}") = "Example1-25ParalellQuerySequential", "Example1-25ParalellQuerySequential\Example1-25ParalellQuerySequential.csproj", "{D6D62F98-2649-4C43-BE29-80223BAD006A}"
EndProject
Project("{FAE04EC0-301F-11D3-BF4B-00C04F79EFBC}") = "Example1-26UsingForAll", "Example1-26UsingForAll\Example1-26UsingForAll.csproj", "{51DC22D9-F1E3-4122-AA36-8B0CE942B05E}"
EndProject
Project("{FAE04EC0-301F-11D3-BF4B-00C04F79EFBC}") = "Example1-27CatchingAggregateException", "Example1-27CatchingAggregateException\Example1-27CatchingAggregateException.csproj", "{EC8B00CA-0598-428E-B70F-4D43050973BF}"
EndProject
Project("{2150E333-8FDC-42A3-9474-1A3956D46DE8}") = "Chapter1", "Chapter1", "{C2EA2FDC-3F4A-4748-91F6-E40627D37635}"
EndProject
Project("{2150E333-8FDC-42A3-9474-1A3956D46DE8}") = "Objective1.1", "Objective1.1", "{BC5381D9-5906-4BE3-9710-D96C77E67EE7}"
EndProject
Project("{FAE04EC0-301F-11D3-BF4B-00C04F79EFBC}") = "Example1-28BlockingCollection", "Example1-28BlockingCollection\Example1-28BlockingCollection.csproj", "{33F1900C-AD31-48AB-AB6B-A27F9AFA1717}"
EndProject
Project("{FAE04EC0-301F-11D3-BF4B-00C04F79EFBC}") = "Example1-29UsingGetConsumingEnumerableOnBC", "Example1-29UsingGetConsumingEnumerableOnBC\Example1-29UsingGetConsumingEnumerableOnBC.csproj", "{3728B9DB-E9B9-4532-8AAF-557D78439E0A}"
EndProject
Project("{FAE04EC0-301F-11D3-BF4B-00C04F79EFBC}") = "Example1-30ConcurrentBag", "Example1-30ConcurrentBag\Example1-30ConcurrentBag.csproj", "{CB713588-7AE8-4400-A126-208B9B7A5554}"
EndProject
Project("{FAE04EC0-301F-11D3-BF4B-00C04F79EFBC}") = "Example1-31EnumeratingConcurrentBag", "Example1-31EnumeratingConcurrentBag\Example1-31EnumeratingConcurrentBag.csproj", "{BB2E7CFE-0334-4A43-AABD-7EBE3E8997DB}"
EndProject
Project("{FAE04EC0-301F-11D3-BF4B-00C04F79EFBC}") = "Example1-32ConcurrentStack", "Example1-32ConcurrentStack\Example1-32ConcurrentStack.csproj", "{88AD9B0F-C3AF-4C58-BC43-1130427589F1}"
EndProject
Project("{FAE04EC0-301F-11D3-BF4B-00C04F79EFBC}") = "Example1-33ConcurrentQueue", "Example1-33ConcurrentQueue\Example1-33ConcurrentQueue.csproj", "{ECA8B1F3-4170-4E47-8C4E-F8E983A1D1B8}"
EndProject
Project("{FAE04EC0-301F-11D3-BF4B-00C04F79EFBC}") = "Example1-24ConcurrentDictionary", "Example1-24ConcurrentDictionary\Example1-24ConcurrentDictionary.csproj", "{20B7E0B7-CA87-40ED-B132-9D389B2BC4A6}"
EndProject
Project("{2150E333-8FDC-42A3-9474-1A3956D46DE8}") = "Examples", "Examples", "{B73F23E6-3D83-4C57-9A5D-B37CBA367EC8}"
EndProject
Project("{2150E333-8FDC-42A3-9474-1A3956D46DE8}") = "Exercises", "Exercises", "{876E5979-46A3-4167-B609-B3F968881174}"
	ProjectSection(SolutionItems) = preProject
		Objective1-1Overview.docx = Objective1-1Overview.docx
	EndProjectSection
EndProject
Project("{2150E333-8FDC-42A3-9474-1A3956D46DE8}") = "Objective1.2", "Objective1.2", "{B0158080-762E-4E4C-9706-3F982C33FE10}"
EndProject
Project("{FAE04EC0-301F-11D3-BF4B-00C04F79EFBC}") = "Example1-35AccessingSharedDataOnMultithread", "Example1-35AccessingSharedDataOnMultithread\Example1-35AccessingSharedDataOnMultithread.csproj", "{AF0C7DA9-44CA-40F6-A208-7E2E30C07C34}"
EndProject
Project("{FAE04EC0-301F-11D3-BF4B-00C04F79EFBC}") = "Example1-36UsingLock", "Example1-36UsingLock\Example1-36UsingLock.csproj", "{23380664-66C5-47E0-8711-80E4A86C75CA}"
EndProject
Project("{FAE04EC0-301F-11D3-BF4B-00C04F79EFBC}") = "Example1-37CreatingDeadlock", "Example1-37CreatingDeadlock\Example1-37CreatingDeadlock.csproj", "{674865F1-7628-40DD-9C48-B5CF50AD2FA2}"
EndProject
Project("{FAE04EC0-301F-11D3-BF4B-00C04F79EFBC}") = "Example1-40InterlockedClass", "Example1-40InterlockedClass\Example1-40InterlockedClass.csproj", "{F1580FEF-87F8-470B-A226-99CD5358C8DE}"
EndProject
Project("{FAE04EC0-301F-11D3-BF4B-00C04F79EFBC}") = "Example1-41NonatomicCompareAndEchange", "Example1-41NonatomicCompareAndEchange\Example1-41NonatomicCompareAndEchange.csproj", "{65D66AA3-FFA5-479A-B529-2271ED9B380F}"
EndProject
Project("{FAE04EC0-301F-11D3-BF4B-00C04F79EFBC}") = "Example1-42UsingCancellationToken", "Example1-42UsingCancellationToken\Example1-42UsingCancellationToken.csproj", "{D3877A06-89D1-41C1-8955-52EFF0AB02BF}"
EndProject
Project("{FAE04EC0-301F-11D3-BF4B-00C04F79EFBC}") = "Example1-43OperationCancelledException", "Example1-43OperationCancelledException\Example1-43OperationCancelledException.csproj", "{228FA680-221A-4519-A68B-41063A424979}"
EndProject
Project("{FAE04EC0-301F-11D3-BF4B-00C04F79EFBC}") = "Example1-44ContinuationForCancelledTask", "Example1-44ContinuationForCancelledTask\Example1-44ContinuationForCancelledTask.csproj", "{B8084465-EB5A-4FB1-AEB5-B6EEF09350F7}"
EndProject
Project("{2150E333-8FDC-42A3-9474-1A3956D46DE8}") = "Examples", "Examples", "{DD49A04B-2D69-42F7-9926-D3BDB73751B1}"
EndProject
Project("{2150E333-8FDC-42A3-9474-1A3956D46DE8}") = "Exercises", "Exercises", "{F3FCC829-9D4A-43B9-96C8-C482BB3B3BD8}"
	ProjectSection(SolutionItems) = preProject
		Objective1.2Overview.txt = Objective1.2Overview.txt
	EndProjectSection
EndProject
Project("{2150E333-8FDC-42A3-9474-1A3956D46DE8}") = "Objective1.3", "Objective1.3", "{B9074539-FD4D-4BDA-BF27-2BA07033E6BF}"
EndProject
Project("{2150E333-8FDC-42A3-9474-1A3956D46DE8}") = "Examples", "Examples", "{7DE6C9AF-906C-4A15-9B7E-1AC1EA15326A}"
EndProject
Project("{2150E333-8FDC-42A3-9474-1A3956D46DE8}") = "Exercises", "Exercises", "{B1CC6C06-B207-48E7-A233-B8C6368847B2}"
	ProjectSection(SolutionItems) = preProject
		Objective1.3Overview.txt = Objective1.3Overview.txt
	EndProjectSection
EndProject
Project("{2150E333-8FDC-42A3-9474-1A3956D46DE8}") = "Objective1.4", "Objective1.4", "{F0F0017E-BB98-431E-9014-3F88629CA04C}"
EndProject
Project("{2150E333-8FDC-42A3-9474-1A3956D46DE8}") = "Examples", "Examples", "{C9428ABE-B7FC-4A37-9C7B-877C667D163A}"
EndProject
Project("{2150E333-8FDC-42A3-9474-1A3956D46DE8}") = "Exercises", "Exercises", "{D352FB18-CAE4-4904-956A-900C1C807063}"
	ProjectSection(SolutionItems) = preProject
		Objective1.4Overview.txt = Objective1.4Overview.txt
	EndProjectSection
EndProject
Project("{FAE04EC0-301F-11D3-BF4B-00C04F79EFBC}") = "Example1-75UsingADelegate", "Example1-75UsingADelegate\Example1-75UsingADelegate.csproj", "{BA7E0376-C3DD-438C-A232-B226D92F213D}"
EndProject
Project("{FAE04EC0-301F-11D3-BF4B-00C04F79EFBC}") = "Example1-76MulticastDelegate", "Example1-76MulticastDelegate\Example1-76MulticastDelegate.csproj", "{F59688A2-B563-4FE8-AD90-151EFAC56671}"
EndProject
Project("{FAE04EC0-301F-11D3-BF4B-00C04F79EFBC}") = "Example1-77DelegateWithCovariance", "Example1-77DelegateWithCovariance\Example1-77DelegateWithCovariance.csproj", "{E440D092-3AA9-42EB-B21B-8E49F4E347A0}"
EndProject
Project("{FAE04EC0-301F-11D3-BF4B-00C04F79EFBC}") = "Example1-78Contravariance", "Example1-78Contravariance\Example1-78Contravariance.csproj", "{20E7526A-544A-4F92-AC97-35084F483B8E}"
EndProject
Project("{FAE04EC0-301F-11D3-BF4B-00C04F79EFBC}") = "Example1-79LambdaToCreateDelegate", "Example1-79LambdaToCreateDelegate\Example1-79LambdaToCreateDelegate.csproj", "{C8C8B543-912A-457F-9E2B-A479DCC80CD1}"
EndProject
Project("{FAE04EC0-301F-11D3-BF4B-00C04F79EFBC}") = "Example1-80MultiExpressionLambda", "Example1-80MultiExpressionLambda\Example1-80MultiExpressionLambda.csproj", "{CF96D21D-09AB-4AE4-B1E8-B510D678A019}"
EndProject
Project("{FAE04EC0-301F-11D3-BF4B-00C04F79EFBC}") = "Example1-81UsingActionDelegate", "Example1-81UsingActionDelegate\Example1-81UsingActionDelegate.csproj", "{0338106E-6778-49F5-9315-719975D3F3EA}"
EndProject
Project("{FAE04EC0-301F-11D3-BF4B-00C04F79EFBC}") = "Example1-82UsingAnActionToExposeEvent", "Example1-82UsingAnActionToExposeEvent\Example1-82UsingAnActionToExposeEvent.csproj", "{EB617F52-E17F-4A19-85A8-353E9CABAD78}"
EndProject
Project("{FAE04EC0-301F-11D3-BF4B-00C04F79EFBC}") = "Example1-83 UsingEvent", "Example1-83 UsingEvent\Example1-83 UsingEvent.csproj", "{16723BE6-E0E9-43DB-B217-C455BC700A21}"
EndProject
Project("{FAE04EC0-301F-11D3-BF4B-00C04F79EFBC}") = "Example1-84CustomEventArgs", "Example1-84CustomEventArgs\Example1-84CustomEventArgs.csproj", "{1A99F0E4-9860-40EE-AE2B-270D39582119}"
EndProject
Project("{2150E333-8FDC-42A3-9474-1A3956D46DE8}") = "Objective1.5", "Objective1.5", "{2865C41F-01FA-41B1-A55F-2A54F77CABA1}"
EndProject
Project("{2150E333-8FDC-42A3-9474-1A3956D46DE8}") = "Examples", "Examples", "{355DA9C5-0341-4068-A241-79555B80E9AA}"
EndProject
Project("{2150E333-8FDC-42A3-9474-1A3956D46DE8}") = "Exercises", "Exercises", "{8882DA0A-5F9A-4500-801A-5D030F582501}"
	ProjectSection(SolutionItems) = preProject
		Objective1.5Overview.txt = Objective1.5Overview.txt
	EndProjectSection
EndProject
Project("{2150E333-8FDC-42A3-9474-1A3956D46DE8}") = "Chapter2", "Chapter2", "{1FC4465C-2918-49A0-8BDB-12471C76C27C}"
EndProject
Project("{2150E333-8FDC-42A3-9474-1A3956D46DE8}") = "Objective2.1", "Objective2.1", "{89A3AD04-5A20-432C-8977-E9B032EF63C4}"
EndProject
Project("{2150E333-8FDC-42A3-9474-1A3956D46DE8}") = "Examples", "Examples", "{4A458660-C97D-482F-8E7F-AFE5176A8BD7}"
EndProject
Project("{2150E333-8FDC-42A3-9474-1A3956D46DE8}") = "Exercises", "Exercises", "{094F4FC2-CCFA-495C-871C-14C1734D4770}"
	ProjectSection(SolutionItems) = preProject
		Objective2.1Overview.txt = Objective2.1Overview.txt
	EndProjectSection
EndProject
Project("{2150E333-8FDC-42A3-9474-1A3956D46DE8}") = "Objective2.2", "Objective2.2", "{D63A91A3-E097-4FDB-8E38-328FD77E9B8B}"
EndProject
Project("{2150E333-8FDC-42A3-9474-1A3956D46DE8}") = "Objective2.3", "Objective2.3", "{7BB9C410-7448-4BB4-B547-85BC5AD4BEA6}"
EndProject
Project("{2150E333-8FDC-42A3-9474-1A3956D46DE8}") = "Examples", "Examples", "{30137AA1-04A8-496F-AA36-A3F801D96A9E}"
EndProject
Project("{2150E333-8FDC-42A3-9474-1A3956D46DE8}") = "Exercises", "Exercises", "{6302E4D6-BE64-4441-995D-5079E0228843}"
	ProjectSection(SolutionItems) = preProject
		Objective2.3Overview.txt = Objective2.3Overview.txt
	EndProjectSection
EndProject
Project("{2150E333-8FDC-42A3-9474-1A3956D46DE8}") = "Examples", "Examples", "{446AB0D0-B0E2-4F94-95AF-B530523129B1}"
EndProject
Project("{2150E333-8FDC-42A3-9474-1A3956D46DE8}") = "Exercises", "Exercises", "{5D6BC905-277D-4B70-B081-AEE613B5C69F}"
EndProject
Global
	GlobalSection(SolutionConfigurationPlatforms) = preSolution
		Debug|Any CPU = Debug|Any CPU
		Release|Any CPU = Release|Any CPU
	EndGlobalSection
	GlobalSection(ProjectConfigurationPlatforms) = postSolution
		{5E93C636-47B8-4743-AD40-E189F5C41444}.Debug|Any CPU.ActiveCfg = Debug|Any CPU
		{5E93C636-47B8-4743-AD40-E189F5C41444}.Debug|Any CPU.Build.0 = Debug|Any CPU
		{5E93C636-47B8-4743-AD40-E189F5C41444}.Release|Any CPU.ActiveCfg = Release|Any CPU
		{5E93C636-47B8-4743-AD40-E189F5C41444}.Release|Any CPU.Build.0 = Release|Any CPU
		{02A36F3D-9A2A-4BE2-B0AB-4E79A43A8418}.Debug|Any CPU.ActiveCfg = Debug|Any CPU
		{02A36F3D-9A2A-4BE2-B0AB-4E79A43A8418}.Debug|Any CPU.Build.0 = Debug|Any CPU
		{02A36F3D-9A2A-4BE2-B0AB-4E79A43A8418}.Release|Any CPU.ActiveCfg = Release|Any CPU
		{02A36F3D-9A2A-4BE2-B0AB-4E79A43A8418}.Release|Any CPU.Build.0 = Release|Any CPU
		{9C273E8E-B4BA-432E-8C37-029442ECEC36}.Debug|Any CPU.ActiveCfg = Debug|Any CPU
		{9C273E8E-B4BA-432E-8C37-029442ECEC36}.Debug|Any CPU.Build.0 = Debug|Any CPU
		{9C273E8E-B4BA-432E-8C37-029442ECEC36}.Release|Any CPU.ActiveCfg = Release|Any CPU
		{9C273E8E-B4BA-432E-8C37-029442ECEC36}.Release|Any CPU.Build.0 = Release|Any CPU
		{FDB06F21-8A24-427F-97DC-A10F64588FB0}.Debug|Any CPU.ActiveCfg = Debug|Any CPU
		{FDB06F21-8A24-427F-97DC-A10F64588FB0}.Debug|Any CPU.Build.0 = Debug|Any CPU
		{FDB06F21-8A24-427F-97DC-A10F64588FB0}.Release|Any CPU.ActiveCfg = Release|Any CPU
		{FDB06F21-8A24-427F-97DC-A10F64588FB0}.Release|Any CPU.Build.0 = Release|Any CPU
		{E3A8A99B-F6C8-47B4-B93E-06E55F23ACAD}.Debug|Any CPU.ActiveCfg = Debug|Any CPU
		{E3A8A99B-F6C8-47B4-B93E-06E55F23ACAD}.Debug|Any CPU.Build.0 = Debug|Any CPU
		{E3A8A99B-F6C8-47B4-B93E-06E55F23ACAD}.Release|Any CPU.ActiveCfg = Release|Any CPU
		{E3A8A99B-F6C8-47B4-B93E-06E55F23ACAD}.Release|Any CPU.Build.0 = Release|Any CPU
		{2ECBE407-0ABF-4EB6-9086-0CC426032103}.Debug|Any CPU.ActiveCfg = Debug|Any CPU
		{2ECBE407-0ABF-4EB6-9086-0CC426032103}.Debug|Any CPU.Build.0 = Debug|Any CPU
		{2ECBE407-0ABF-4EB6-9086-0CC426032103}.Release|Any CPU.ActiveCfg = Release|Any CPU
		{2ECBE407-0ABF-4EB6-9086-0CC426032103}.Release|Any CPU.Build.0 = Release|Any CPU
		{460F0D97-0573-4A16-9682-0BBD38EF432C}.Debug|Any CPU.ActiveCfg = Debug|Any CPU
		{460F0D97-0573-4A16-9682-0BBD38EF432C}.Debug|Any CPU.Build.0 = Debug|Any CPU
		{460F0D97-0573-4A16-9682-0BBD38EF432C}.Release|Any CPU.ActiveCfg = Release|Any CPU
		{460F0D97-0573-4A16-9682-0BBD38EF432C}.Release|Any CPU.Build.0 = Release|Any CPU
		{748704BF-36B3-46F2-B8B3-EB831EE49135}.Debug|Any CPU.ActiveCfg = Debug|Any CPU
		{748704BF-36B3-46F2-B8B3-EB831EE49135}.Debug|Any CPU.Build.0 = Debug|Any CPU
		{748704BF-36B3-46F2-B8B3-EB831EE49135}.Release|Any CPU.ActiveCfg = Release|Any CPU
		{748704BF-36B3-46F2-B8B3-EB831EE49135}.Release|Any CPU.Build.0 = Release|Any CPU
		{421279F3-8733-46A5-86F6-61CFB7A05C83}.Debug|Any CPU.ActiveCfg = Debug|Any CPU
		{421279F3-8733-46A5-86F6-61CFB7A05C83}.Debug|Any CPU.Build.0 = Debug|Any CPU
		{421279F3-8733-46A5-86F6-61CFB7A05C83}.Release|Any CPU.ActiveCfg = Release|Any CPU
		{421279F3-8733-46A5-86F6-61CFB7A05C83}.Release|Any CPU.Build.0 = Release|Any CPU
		{508A3CFF-A4D4-49FE-A543-B921908D5D88}.Debug|Any CPU.ActiveCfg = Debug|Any CPU
		{508A3CFF-A4D4-49FE-A543-B921908D5D88}.Debug|Any CPU.Build.0 = Debug|Any CPU
		{508A3CFF-A4D4-49FE-A543-B921908D5D88}.Release|Any CPU.ActiveCfg = Release|Any CPU
		{508A3CFF-A4D4-49FE-A543-B921908D5D88}.Release|Any CPU.Build.0 = Release|Any CPU
		{037FF51C-DF84-41F3-8BF9-9E73BFE0A01B}.Debug|Any CPU.ActiveCfg = Debug|Any CPU
		{037FF51C-DF84-41F3-8BF9-9E73BFE0A01B}.Debug|Any CPU.Build.0 = Debug|Any CPU
		{037FF51C-DF84-41F3-8BF9-9E73BFE0A01B}.Release|Any CPU.ActiveCfg = Release|Any CPU
		{037FF51C-DF84-41F3-8BF9-9E73BFE0A01B}.Release|Any CPU.Build.0 = Release|Any CPU
		{FD3683BC-B33C-473E-A6D0-7862978E8A31}.Debug|Any CPU.ActiveCfg = Debug|Any CPU
		{FD3683BC-B33C-473E-A6D0-7862978E8A31}.Debug|Any CPU.Build.0 = Debug|Any CPU
		{FD3683BC-B33C-473E-A6D0-7862978E8A31}.Release|Any CPU.ActiveCfg = Release|Any CPU
		{FD3683BC-B33C-473E-A6D0-7862978E8A31}.Release|Any CPU.Build.0 = Release|Any CPU
		{D65A4B70-8021-42A4-9C71-C4E24BBC5DBF}.Debug|Any CPU.ActiveCfg = Debug|Any CPU
		{D65A4B70-8021-42A4-9C71-C4E24BBC5DBF}.Debug|Any CPU.Build.0 = Debug|Any CPU
		{D65A4B70-8021-42A4-9C71-C4E24BBC5DBF}.Release|Any CPU.ActiveCfg = Release|Any CPU
		{D65A4B70-8021-42A4-9C71-C4E24BBC5DBF}.Release|Any CPU.Build.0 = Release|Any CPU
		{C0D648D1-D60F-425B-B669-0F934E4B9A9D}.Debug|Any CPU.ActiveCfg = Debug|Any CPU
		{C0D648D1-D60F-425B-B669-0F934E4B9A9D}.Debug|Any CPU.Build.0 = Debug|Any CPU
		{C0D648D1-D60F-425B-B669-0F934E4B9A9D}.Release|Any CPU.ActiveCfg = Release|Any CPU
		{C0D648D1-D60F-425B-B669-0F934E4B9A9D}.Release|Any CPU.Build.0 = Release|Any CPU
		{D65942A9-31E1-4D80-8FC9-39B38BDC9486}.Debug|Any CPU.ActiveCfg = Debug|Any CPU
		{D65942A9-31E1-4D80-8FC9-39B38BDC9486}.Debug|Any CPU.Build.0 = Debug|Any CPU
		{D65942A9-31E1-4D80-8FC9-39B38BDC9486}.Release|Any CPU.ActiveCfg = Release|Any CPU
		{D65942A9-31E1-4D80-8FC9-39B38BDC9486}.Release|Any CPU.Build.0 = Release|Any CPU
		{40BA9A12-1137-42DD-8A5E-967EB5D708B7}.Debug|Any CPU.ActiveCfg = Debug|Any CPU
		{40BA9A12-1137-42DD-8A5E-967EB5D708B7}.Debug|Any CPU.Build.0 = Debug|Any CPU
		{40BA9A12-1137-42DD-8A5E-967EB5D708B7}.Release|Any CPU.ActiveCfg = Release|Any CPU
		{40BA9A12-1137-42DD-8A5E-967EB5D708B7}.Release|Any CPU.Build.0 = Release|Any CPU
		{8FF9FB04-E65B-4666-9EF9-A086448D317B}.Debug|Any CPU.ActiveCfg = Debug|Any CPU
		{8FF9FB04-E65B-4666-9EF9-A086448D317B}.Debug|Any CPU.Build.0 = Debug|Any CPU
		{8FF9FB04-E65B-4666-9EF9-A086448D317B}.Release|Any CPU.ActiveCfg = Release|Any CPU
		{8FF9FB04-E65B-4666-9EF9-A086448D317B}.Release|Any CPU.Build.0 = Release|Any CPU
		{65021543-5C83-45D7-8506-7CA9E63966E7}.Debug|Any CPU.ActiveCfg = Debug|Any CPU
		{65021543-5C83-45D7-8506-7CA9E63966E7}.Debug|Any CPU.Build.0 = Debug|Any CPU
		{65021543-5C83-45D7-8506-7CA9E63966E7}.Release|Any CPU.ActiveCfg = Release|Any CPU
		{65021543-5C83-45D7-8506-7CA9E63966E7}.Release|Any CPU.Build.0 = Release|Any CPU
		{D8248FD6-D873-45F9-9E74-07C1E654E903}.Debug|Any CPU.ActiveCfg = Debug|Any CPU
		{D8248FD6-D873-45F9-9E74-07C1E654E903}.Debug|Any CPU.Build.0 = Debug|Any CPU
		{D8248FD6-D873-45F9-9E74-07C1E654E903}.Release|Any CPU.ActiveCfg = Release|Any CPU
		{D8248FD6-D873-45F9-9E74-07C1E654E903}.Release|Any CPU.Build.0 = Release|Any CPU
		{0CC7C18F-E03F-4EEF-BF37-2F3961E950A9}.Debug|Any CPU.ActiveCfg = Debug|Any CPU
		{0CC7C18F-E03F-4EEF-BF37-2F3961E950A9}.Debug|Any CPU.Build.0 = Debug|Any CPU
		{0CC7C18F-E03F-4EEF-BF37-2F3961E950A9}.Release|Any CPU.ActiveCfg = Release|Any CPU
		{0CC7C18F-E03F-4EEF-BF37-2F3961E950A9}.Release|Any CPU.Build.0 = Release|Any CPU
		{9D79A5BC-0C5B-49D3-939C-065B351F26B9}.Debug|Any CPU.ActiveCfg = Debug|Any CPU
		{9D79A5BC-0C5B-49D3-939C-065B351F26B9}.Debug|Any CPU.Build.0 = Debug|Any CPU
		{9D79A5BC-0C5B-49D3-939C-065B351F26B9}.Release|Any CPU.ActiveCfg = Release|Any CPU
		{9D79A5BC-0C5B-49D3-939C-065B351F26B9}.Release|Any CPU.Build.0 = Release|Any CPU
		{2945E1D1-481D-4C2F-8347-BADAB0560809}.Debug|Any CPU.ActiveCfg = Debug|Any CPU
		{2945E1D1-481D-4C2F-8347-BADAB0560809}.Debug|Any CPU.Build.0 = Debug|Any CPU
		{2945E1D1-481D-4C2F-8347-BADAB0560809}.Release|Any CPU.ActiveCfg = Release|Any CPU
		{2945E1D1-481D-4C2F-8347-BADAB0560809}.Release|Any CPU.Build.0 = Release|Any CPU
		{589C4F45-EAF9-43C6-BF1D-E3E644E0A044}.Debug|Any CPU.ActiveCfg = Debug|Any CPU
		{589C4F45-EAF9-43C6-BF1D-E3E644E0A044}.Debug|Any CPU.Build.0 = Debug|Any CPU
		{589C4F45-EAF9-43C6-BF1D-E3E644E0A044}.Release|Any CPU.ActiveCfg = Release|Any CPU
		{589C4F45-EAF9-43C6-BF1D-E3E644E0A044}.Release|Any CPU.Build.0 = Release|Any CPU
		{5629D2EE-E2E3-4E3B-A52A-66A5C70D7621}.Debug|Any CPU.ActiveCfg = Debug|Any CPU
		{5629D2EE-E2E3-4E3B-A52A-66A5C70D7621}.Debug|Any CPU.Build.0 = Debug|Any CPU
		{5629D2EE-E2E3-4E3B-A52A-66A5C70D7621}.Release|Any CPU.ActiveCfg = Release|Any CPU
		{5629D2EE-E2E3-4E3B-A52A-66A5C70D7621}.Release|Any CPU.Build.0 = Release|Any CPU
		{D6D62F98-2649-4C43-BE29-80223BAD006A}.Debug|Any CPU.ActiveCfg = Debug|Any CPU
		{D6D62F98-2649-4C43-BE29-80223BAD006A}.Debug|Any CPU.Build.0 = Debug|Any CPU
		{D6D62F98-2649-4C43-BE29-80223BAD006A}.Release|Any CPU.ActiveCfg = Release|Any CPU
		{D6D62F98-2649-4C43-BE29-80223BAD006A}.Release|Any CPU.Build.0 = Release|Any CPU
		{51DC22D9-F1E3-4122-AA36-8B0CE942B05E}.Debug|Any CPU.ActiveCfg = Debug|Any CPU
		{51DC22D9-F1E3-4122-AA36-8B0CE942B05E}.Debug|Any CPU.Build.0 = Debug|Any CPU
		{51DC22D9-F1E3-4122-AA36-8B0CE942B05E}.Release|Any CPU.ActiveCfg = Release|Any CPU
		{51DC22D9-F1E3-4122-AA36-8B0CE942B05E}.Release|Any CPU.Build.0 = Release|Any CPU
		{EC8B00CA-0598-428E-B70F-4D43050973BF}.Debug|Any CPU.ActiveCfg = Debug|Any CPU
		{EC8B00CA-0598-428E-B70F-4D43050973BF}.Debug|Any CPU.Build.0 = Debug|Any CPU
		{EC8B00CA-0598-428E-B70F-4D43050973BF}.Release|Any CPU.ActiveCfg = Release|Any CPU
		{EC8B00CA-0598-428E-B70F-4D43050973BF}.Release|Any CPU.Build.0 = Release|Any CPU
		{33F1900C-AD31-48AB-AB6B-A27F9AFA1717}.Debug|Any CPU.ActiveCfg = Debug|Any CPU
		{33F1900C-AD31-48AB-AB6B-A27F9AFA1717}.Debug|Any CPU.Build.0 = Debug|Any CPU
		{33F1900C-AD31-48AB-AB6B-A27F9AFA1717}.Release|Any CPU.ActiveCfg = Release|Any CPU
		{33F1900C-AD31-48AB-AB6B-A27F9AFA1717}.Release|Any CPU.Build.0 = Release|Any CPU
		{3728B9DB-E9B9-4532-8AAF-557D78439E0A}.Debug|Any CPU.ActiveCfg = Debug|Any CPU
		{3728B9DB-E9B9-4532-8AAF-557D78439E0A}.Debug|Any CPU.Build.0 = Debug|Any CPU
		{3728B9DB-E9B9-4532-8AAF-557D78439E0A}.Release|Any CPU.ActiveCfg = Release|Any CPU
		{3728B9DB-E9B9-4532-8AAF-557D78439E0A}.Release|Any CPU.Build.0 = Release|Any CPU
		{CB713588-7AE8-4400-A126-208B9B7A5554}.Debug|Any CPU.ActiveCfg = Debug|Any CPU
		{CB713588-7AE8-4400-A126-208B9B7A5554}.Debug|Any CPU.Build.0 = Debug|Any CPU
		{CB713588-7AE8-4400-A126-208B9B7A5554}.Release|Any CPU.ActiveCfg = Release|Any CPU
		{CB713588-7AE8-4400-A126-208B9B7A5554}.Release|Any CPU.Build.0 = Release|Any CPU
		{BB2E7CFE-0334-4A43-AABD-7EBE3E8997DB}.Debug|Any CPU.ActiveCfg = Debug|Any CPU
		{BB2E7CFE-0334-4A43-AABD-7EBE3E8997DB}.Debug|Any CPU.Build.0 = Debug|Any CPU
		{BB2E7CFE-0334-4A43-AABD-7EBE3E8997DB}.Release|Any CPU.ActiveCfg = Release|Any CPU
		{BB2E7CFE-0334-4A43-AABD-7EBE3E8997DB}.Release|Any CPU.Build.0 = Release|Any CPU
		{88AD9B0F-C3AF-4C58-BC43-1130427589F1}.Debug|Any CPU.ActiveCfg = Debug|Any CPU
		{88AD9B0F-C3AF-4C58-BC43-1130427589F1}.Debug|Any CPU.Build.0 = Debug|Any CPU
		{88AD9B0F-C3AF-4C58-BC43-1130427589F1}.Release|Any CPU.ActiveCfg = Release|Any CPU
		{88AD9B0F-C3AF-4C58-BC43-1130427589F1}.Release|Any CPU.Build.0 = Release|Any CPU
		{ECA8B1F3-4170-4E47-8C4E-F8E983A1D1B8}.Debug|Any CPU.ActiveCfg = Debug|Any CPU
		{ECA8B1F3-4170-4E47-8C4E-F8E983A1D1B8}.Debug|Any CPU.Build.0 = Debug|Any CPU
		{ECA8B1F3-4170-4E47-8C4E-F8E983A1D1B8}.Release|Any CPU.ActiveCfg = Release|Any CPU
		{ECA8B1F3-4170-4E47-8C4E-F8E983A1D1B8}.Release|Any CPU.Build.0 = Release|Any CPU
		{20B7E0B7-CA87-40ED-B132-9D389B2BC4A6}.Debug|Any CPU.ActiveCfg = Debug|Any CPU
		{20B7E0B7-CA87-40ED-B132-9D389B2BC4A6}.Debug|Any CPU.Build.0 = Debug|Any CPU
		{20B7E0B7-CA87-40ED-B132-9D389B2BC4A6}.Release|Any CPU.ActiveCfg = Release|Any CPU
		{20B7E0B7-CA87-40ED-B132-9D389B2BC4A6}.Release|Any CPU.Build.0 = Release|Any CPU
		{AF0C7DA9-44CA-40F6-A208-7E2E30C07C34}.Debug|Any CPU.ActiveCfg = Debug|Any CPU
		{AF0C7DA9-44CA-40F6-A208-7E2E30C07C34}.Debug|Any CPU.Build.0 = Debug|Any CPU
		{AF0C7DA9-44CA-40F6-A208-7E2E30C07C34}.Release|Any CPU.ActiveCfg = Release|Any CPU
		{AF0C7DA9-44CA-40F6-A208-7E2E30C07C34}.Release|Any CPU.Build.0 = Release|Any CPU
		{23380664-66C5-47E0-8711-80E4A86C75CA}.Debug|Any CPU.ActiveCfg = Debug|Any CPU
		{23380664-66C5-47E0-8711-80E4A86C75CA}.Debug|Any CPU.Build.0 = Debug|Any CPU
		{23380664-66C5-47E0-8711-80E4A86C75CA}.Release|Any CPU.ActiveCfg = Release|Any CPU
		{23380664-66C5-47E0-8711-80E4A86C75CA}.Release|Any CPU.Build.0 = Release|Any CPU
		{674865F1-7628-40DD-9C48-B5CF50AD2FA2}.Debug|Any CPU.ActiveCfg = Debug|Any CPU
		{674865F1-7628-40DD-9C48-B5CF50AD2FA2}.Debug|Any CPU.Build.0 = Debug|Any CPU
		{674865F1-7628-40DD-9C48-B5CF50AD2FA2}.Release|Any CPU.ActiveCfg = Release|Any CPU
		{674865F1-7628-40DD-9C48-B5CF50AD2FA2}.Release|Any CPU.Build.0 = Release|Any CPU
		{F1580FEF-87F8-470B-A226-99CD5358C8DE}.Debug|Any CPU.ActiveCfg = Debug|Any CPU
		{F1580FEF-87F8-470B-A226-99CD5358C8DE}.Debug|Any CPU.Build.0 = Debug|Any CPU
		{F1580FEF-87F8-470B-A226-99CD5358C8DE}.Release|Any CPU.ActiveCfg = Release|Any CPU
		{F1580FEF-87F8-470B-A226-99CD5358C8DE}.Release|Any CPU.Build.0 = Release|Any CPU
		{65D66AA3-FFA5-479A-B529-2271ED9B380F}.Debug|Any CPU.ActiveCfg = Debug|Any CPU
		{65D66AA3-FFA5-479A-B529-2271ED9B380F}.Debug|Any CPU.Build.0 = Debug|Any CPU
		{65D66AA3-FFA5-479A-B529-2271ED9B380F}.Release|Any CPU.ActiveCfg = Release|Any CPU
		{65D66AA3-FFA5-479A-B529-2271ED9B380F}.Release|Any CPU.Build.0 = Release|Any CPU
		{D3877A06-89D1-41C1-8955-52EFF0AB02BF}.Debug|Any CPU.ActiveCfg = Debug|Any CPU
		{D3877A06-89D1-41C1-8955-52EFF0AB02BF}.Debug|Any CPU.Build.0 = Debug|Any CPU
		{D3877A06-89D1-41C1-8955-52EFF0AB02BF}.Release|Any CPU.ActiveCfg = Release|Any CPU
		{D3877A06-89D1-41C1-8955-52EFF0AB02BF}.Release|Any CPU.Build.0 = Release|Any CPU
		{228FA680-221A-4519-A68B-41063A424979}.Debug|Any CPU.ActiveCfg = Debug|Any CPU
		{228FA680-221A-4519-A68B-41063A424979}.Debug|Any CPU.Build.0 = Debug|Any CPU
		{228FA680-221A-4519-A68B-41063A424979}.Release|Any CPU.ActiveCfg = Release|Any CPU
		{228FA680-221A-4519-A68B-41063A424979}.Release|Any CPU.Build.0 = Release|Any CPU
		{B8084465-EB5A-4FB1-AEB5-B6EEF09350F7}.Debug|Any CPU.ActiveCfg = Debug|Any CPU
		{B8084465-EB5A-4FB1-AEB5-B6EEF09350F7}.Debug|Any CPU.Build.0 = Debug|Any CPU
		{B8084465-EB5A-4FB1-AEB5-B6EEF09350F7}.Release|Any CPU.ActiveCfg = Release|Any CPU
		{B8084465-EB5A-4FB1-AEB5-B6EEF09350F7}.Release|Any CPU.Build.0 = Release|Any CPU
		{BA7E0376-C3DD-438C-A232-B226D92F213D}.Debug|Any CPU.ActiveCfg = Debug|Any CPU
		{BA7E0376-C3DD-438C-A232-B226D92F213D}.Debug|Any CPU.Build.0 = Debug|Any CPU
		{BA7E0376-C3DD-438C-A232-B226D92F213D}.Release|Any CPU.ActiveCfg = Release|Any CPU
		{BA7E0376-C3DD-438C-A232-B226D92F213D}.Release|Any CPU.Build.0 = Release|Any CPU
		{F59688A2-B563-4FE8-AD90-151EFAC56671}.Debug|Any CPU.ActiveCfg = Debug|Any CPU
		{F59688A2-B563-4FE8-AD90-151EFAC56671}.Debug|Any CPU.Build.0 = Debug|Any CPU
		{F59688A2-B563-4FE8-AD90-151EFAC56671}.Release|Any CPU.ActiveCfg = Release|Any CPU
		{F59688A2-B563-4FE8-AD90-151EFAC56671}.Release|Any CPU.Build.0 = Release|Any CPU
		{E440D092-3AA9-42EB-B21B-8E49F4E347A0}.Debug|Any CPU.ActiveCfg = Debug|Any CPU
		{E440D092-3AA9-42EB-B21B-8E49F4E347A0}.Debug|Any CPU.Build.0 = Debug|Any CPU
		{E440D092-3AA9-42EB-B21B-8E49F4E347A0}.Release|Any CPU.ActiveCfg = Release|Any CPU
		{E440D092-3AA9-42EB-B21B-8E49F4E347A0}.Release|Any CPU.Build.0 = Release|Any CPU
		{20E7526A-544A-4F92-AC97-35084F483B8E}.Debug|Any CPU.ActiveCfg = Debug|Any CPU
		{20E7526A-544A-4F92-AC97-35084F483B8E}.Debug|Any CPU.Build.0 = Debug|Any CPU
		{20E7526A-544A-4F92-AC97-35084F483B8E}.Release|Any CPU.ActiveCfg = Release|Any CPU
		{20E7526A-544A-4F92-AC97-35084F483B8E}.Release|Any CPU.Build.0 = Release|Any CPU
		{C8C8B543-912A-457F-9E2B-A479DCC80CD1}.Debug|Any CPU.ActiveCfg = Debug|Any CPU
		{C8C8B543-912A-457F-9E2B-A479DCC80CD1}.Debug|Any CPU.Build.0 = Debug|Any CPU
		{C8C8B543-912A-457F-9E2B-A479DCC80CD1}.Release|Any CPU.ActiveCfg = Release|Any CPU
		{C8C8B543-912A-457F-9E2B-A479DCC80CD1}.Release|Any CPU.Build.0 = Release|Any CPU
		{CF96D21D-09AB-4AE4-B1E8-B510D678A019}.Debug|Any CPU.ActiveCfg = Debug|Any CPU
		{CF96D21D-09AB-4AE4-B1E8-B510D678A019}.Debug|Any CPU.Build.0 = Debug|Any CPU
		{CF96D21D-09AB-4AE4-B1E8-B510D678A019}.Release|Any CPU.ActiveCfg = Release|Any CPU
		{CF96D21D-09AB-4AE4-B1E8-B510D678A019}.Release|Any CPU.Build.0 = Release|Any CPU
		{0338106E-6778-49F5-9315-719975D3F3EA}.Debug|Any CPU.ActiveCfg = Debug|Any CPU
		{0338106E-6778-49F5-9315-719975D3F3EA}.Debug|Any CPU.Build.0 = Debug|Any CPU
		{0338106E-6778-49F5-9315-719975D3F3EA}.Release|Any CPU.ActiveCfg = Release|Any CPU
		{0338106E-6778-49F5-9315-719975D3F3EA}.Release|Any CPU.Build.0 = Release|Any CPU
		{EB617F52-E17F-4A19-85A8-353E9CABAD78}.Debug|Any CPU.ActiveCfg = Debug|Any CPU
		{EB617F52-E17F-4A19-85A8-353E9CABAD78}.Debug|Any CPU.Build.0 = Debug|Any CPU
		{EB617F52-E17F-4A19-85A8-353E9CABAD78}.Release|Any CPU.ActiveCfg = Release|Any CPU
		{EB617F52-E17F-4A19-85A8-353E9CABAD78}.Release|Any CPU.Build.0 = Release|Any CPU
		{16723BE6-E0E9-43DB-B217-C455BC700A21}.Debug|Any CPU.ActiveCfg = Debug|Any CPU
		{16723BE6-E0E9-43DB-B217-C455BC700A21}.Debug|Any CPU.Build.0 = Debug|Any CPU
		{16723BE6-E0E9-43DB-B217-C455BC700A21}.Release|Any CPU.ActiveCfg = Release|Any CPU
		{16723BE6-E0E9-43DB-B217-C455BC700A21}.Release|Any CPU.Build.0 = Release|Any CPU
		{1A99F0E4-9860-40EE-AE2B-270D39582119}.Debug|Any CPU.ActiveCfg = Debug|Any CPU
		{1A99F0E4-9860-40EE-AE2B-270D39582119}.Debug|Any CPU.Build.0 = Debug|Any CPU
		{1A99F0E4-9860-40EE-AE2B-270D39582119}.Release|Any CPU.ActiveCfg = Release|Any CPU
		{1A99F0E4-9860-40EE-AE2B-270D39582119}.Release|Any CPU.Build.0 = Release|Any CPU
	EndGlobalSection
	GlobalSection(SolutionProperties) = preSolution
		HideSolutionNode = FALSE
	EndGlobalSection
	GlobalSection(NestedProjects) = preSolution
		{5E93C636-47B8-4743-AD40-E189F5C41444} = {B73F23E6-3D83-4C57-9A5D-B37CBA367EC8}
		{02A36F3D-9A2A-4BE2-B0AB-4E79A43A8418} = {B73F23E6-3D83-4C57-9A5D-B37CBA367EC8}
		{9C273E8E-B4BA-432E-8C37-029442ECEC36} = {B73F23E6-3D83-4C57-9A5D-B37CBA367EC8}
		{FDB06F21-8A24-427F-97DC-A10F64588FB0} = {B73F23E6-3D83-4C57-9A5D-B37CBA367EC8}
		{E3A8A99B-F6C8-47B4-B93E-06E55F23ACAD} = {B73F23E6-3D83-4C57-9A5D-B37CBA367EC8}
		{2ECBE407-0ABF-4EB6-9086-0CC426032103} = {B73F23E6-3D83-4C57-9A5D-B37CBA367EC8}
		{460F0D97-0573-4A16-9682-0BBD38EF432C} = {B73F23E6-3D83-4C57-9A5D-B37CBA367EC8}
		{748704BF-36B3-46F2-B8B3-EB831EE49135} = {B73F23E6-3D83-4C57-9A5D-B37CBA367EC8}
		{421279F3-8733-46A5-86F6-61CFB7A05C83} = {B73F23E6-3D83-4C57-9A5D-B37CBA367EC8}
		{508A3CFF-A4D4-49FE-A543-B921908D5D88} = {B73F23E6-3D83-4C57-9A5D-B37CBA367EC8}
		{037FF51C-DF84-41F3-8BF9-9E73BFE0A01B} = {B73F23E6-3D83-4C57-9A5D-B37CBA367EC8}
		{FD3683BC-B33C-473E-A6D0-7862978E8A31} = {B73F23E6-3D83-4C57-9A5D-B37CBA367EC8}
		{D65A4B70-8021-42A4-9C71-C4E24BBC5DBF} = {B73F23E6-3D83-4C57-9A5D-B37CBA367EC8}
		{C0D648D1-D60F-425B-B669-0F934E4B9A9D} = {B73F23E6-3D83-4C57-9A5D-B37CBA367EC8}
		{D65942A9-31E1-4D80-8FC9-39B38BDC9486} = {B73F23E6-3D83-4C57-9A5D-B37CBA367EC8}
		{40BA9A12-1137-42DD-8A5E-967EB5D708B7} = {B73F23E6-3D83-4C57-9A5D-B37CBA367EC8}
		{8FF9FB04-E65B-4666-9EF9-A086448D317B} = {B73F23E6-3D83-4C57-9A5D-B37CBA367EC8}
		{65021543-5C83-45D7-8506-7CA9E63966E7} = {B73F23E6-3D83-4C57-9A5D-B37CBA367EC8}
		{D8248FD6-D873-45F9-9E74-07C1E654E903} = {B73F23E6-3D83-4C57-9A5D-B37CBA367EC8}
		{0CC7C18F-E03F-4EEF-BF37-2F3961E950A9} = {B73F23E6-3D83-4C57-9A5D-B37CBA367EC8}
		{9D79A5BC-0C5B-49D3-939C-065B351F26B9} = {B73F23E6-3D83-4C57-9A5D-B37CBA367EC8}
		{2945E1D1-481D-4C2F-8347-BADAB0560809} = {B73F23E6-3D83-4C57-9A5D-B37CBA367EC8}
		{589C4F45-EAF9-43C6-BF1D-E3E644E0A044} = {B73F23E6-3D83-4C57-9A5D-B37CBA367EC8}
		{5629D2EE-E2E3-4E3B-A52A-66A5C70D7621} = {B73F23E6-3D83-4C57-9A5D-B37CBA367EC8}
		{D6D62F98-2649-4C43-BE29-80223BAD006A} = {B73F23E6-3D83-4C57-9A5D-B37CBA367EC8}
		{51DC22D9-F1E3-4122-AA36-8B0CE942B05E} = {B73F23E6-3D83-4C57-9A5D-B37CBA367EC8}
		{EC8B00CA-0598-428E-B70F-4D43050973BF} = {B73F23E6-3D83-4C57-9A5D-B37CBA367EC8}
		{BC5381D9-5906-4BE3-9710-D96C77E67EE7} = {C2EA2FDC-3F4A-4748-91F6-E40627D37635}
		{33F1900C-AD31-48AB-AB6B-A27F9AFA1717} = {B73F23E6-3D83-4C57-9A5D-B37CBA367EC8}
		{3728B9DB-E9B9-4532-8AAF-557D78439E0A} = {B73F23E6-3D83-4C57-9A5D-B37CBA367EC8}
		{CB713588-7AE8-4400-A126-208B9B7A5554} = {B73F23E6-3D83-4C57-9A5D-B37CBA367EC8}
		{BB2E7CFE-0334-4A43-AABD-7EBE3E8997DB} = {B73F23E6-3D83-4C57-9A5D-B37CBA367EC8}
		{88AD9B0F-C3AF-4C58-BC43-1130427589F1} = {B73F23E6-3D83-4C57-9A5D-B37CBA367EC8}
		{ECA8B1F3-4170-4E47-8C4E-F8E983A1D1B8} = {B73F23E6-3D83-4C57-9A5D-B37CBA367EC8}
		{20B7E0B7-CA87-40ED-B132-9D389B2BC4A6} = {B73F23E6-3D83-4C57-9A5D-B37CBA367EC8}
		{B73F23E6-3D83-4C57-9A5D-B37CBA367EC8} = {BC5381D9-5906-4BE3-9710-D96C77E67EE7}
		{876E5979-46A3-4167-B609-B3F968881174} = {BC5381D9-5906-4BE3-9710-D96C77E67EE7}
		{B0158080-762E-4E4C-9706-3F982C33FE10} = {C2EA2FDC-3F4A-4748-91F6-E40627D37635}
		{AF0C7DA9-44CA-40F6-A208-7E2E30C07C34} = {DD49A04B-2D69-42F7-9926-D3BDB73751B1}
		{23380664-66C5-47E0-8711-80E4A86C75CA} = {DD49A04B-2D69-42F7-9926-D3BDB73751B1}
		{674865F1-7628-40DD-9C48-B5CF50AD2FA2} = {DD49A04B-2D69-42F7-9926-D3BDB73751B1}
		{F1580FEF-87F8-470B-A226-99CD5358C8DE} = {DD49A04B-2D69-42F7-9926-D3BDB73751B1}
		{65D66AA3-FFA5-479A-B529-2271ED9B380F} = {DD49A04B-2D69-42F7-9926-D3BDB73751B1}
		{D3877A06-89D1-41C1-8955-52EFF0AB02BF} = {DD49A04B-2D69-42F7-9926-D3BDB73751B1}
		{228FA680-221A-4519-A68B-41063A424979} = {DD49A04B-2D69-42F7-9926-D3BDB73751B1}
		{B8084465-EB5A-4FB1-AEB5-B6EEF09350F7} = {DD49A04B-2D69-42F7-9926-D3BDB73751B1}
		{DD49A04B-2D69-42F7-9926-D3BDB73751B1} = {B0158080-762E-4E4C-9706-3F982C33FE10}
		{F3FCC829-9D4A-43B9-96C8-C482BB3B3BD8} = {B0158080-762E-4E4C-9706-3F982C33FE10}
		{B9074539-FD4D-4BDA-BF27-2BA07033E6BF} = {C2EA2FDC-3F4A-4748-91F6-E40627D37635}
		{7DE6C9AF-906C-4A15-9B7E-1AC1EA15326A} = {B9074539-FD4D-4BDA-BF27-2BA07033E6BF}
		{B1CC6C06-B207-48E7-A233-B8C6368847B2} = {B9074539-FD4D-4BDA-BF27-2BA07033E6BF}
		{F0F0017E-BB98-431E-9014-3F88629CA04C} = {C2EA2FDC-3F4A-4748-91F6-E40627D37635}
		{C9428ABE-B7FC-4A37-9C7B-877C667D163A} = {F0F0017E-BB98-431E-9014-3F88629CA04C}
		{D352FB18-CAE4-4904-956A-900C1C807063} = {F0F0017E-BB98-431E-9014-3F88629CA04C}
		{BA7E0376-C3DD-438C-A232-B226D92F213D} = {C9428ABE-B7FC-4A37-9C7B-877C667D163A}
		{F59688A2-B563-4FE8-AD90-151EFAC56671} = {C9428ABE-B7FC-4A37-9C7B-877C667D163A}
		{E440D092-3AA9-42EB-B21B-8E49F4E347A0} = {C9428ABE-B7FC-4A37-9C7B-877C667D163A}
		{20E7526A-544A-4F92-AC97-35084F483B8E} = {C9428ABE-B7FC-4A37-9C7B-877C667D163A}
		{C8C8B543-912A-457F-9E2B-A479DCC80CD1} = {C9428ABE-B7FC-4A37-9C7B-877C667D163A}
		{CF96D21D-09AB-4AE4-B1E8-B510D678A019} = {C9428ABE-B7FC-4A37-9C7B-877C667D163A}
		{0338106E-6778-49F5-9315-719975D3F3EA} = {C9428ABE-B7FC-4A37-9C7B-877C667D163A}
		{EB617F52-E17F-4A19-85A8-353E9CABAD78} = {C9428ABE-B7FC-4A37-9C7B-877C667D163A}
		{16723BE6-E0E9-43DB-B217-C455BC700A21} = {C9428ABE-B7FC-4A37-9C7B-877C667D163A}
		{1A99F0E4-9860-40EE-AE2B-270D39582119} = {C9428ABE-B7FC-4A37-9C7B-877C667D163A}
		{2865C41F-01FA-41B1-A55F-2A54F77CABA1} = {C2EA2FDC-3F4A-4748-91F6-E40627D37635}
		{355DA9C5-0341-4068-A241-79555B80E9AA} = {2865C41F-01FA-41B1-A55F-2A54F77CABA1}
		{8882DA0A-5F9A-4500-801A-5D030F582501} = {2865C41F-01FA-41B1-A55F-2A54F77CABA1}
		{89A3AD04-5A20-432C-8977-E9B032EF63C4} = {1FC4465C-2918-49A0-8BDB-12471C76C27C}
		{4A458660-C97D-482F-8E7F-AFE5176A8BD7} = {89A3AD04-5A20-432C-8977-E9B032EF63C4}
		{094F4FC2-CCFA-495C-871C-14C1734D4770} = {89A3AD04-5A20-432C-8977-E9B032EF63C4}
		{D63A91A3-E097-4FDB-8E38-328FD77E9B8B} = {1FC4465C-2918-49A0-8BDB-12471C76C27C}
		{7BB9C410-7448-4BB4-B547-85BC5AD4BEA6} = {1FC4465C-2918-49A0-8BDB-12471C76C27C}
		{30137AA1-04A8-496F-AA36-A3F801D96A9E} = {7BB9C410-7448-4BB4-B547-85BC5AD4BEA6}
		{6302E4D6-BE64-4441-995D-5079E0228843} = {7BB9C410-7448-4BB4-B547-85BC5AD4BEA6}
		{446AB0D0-B0E2-4F94-95AF-B530523129B1} = {D63A91A3-E097-4FDB-8E38-328FD77E9B8B}
		{5D6BC905-277D-4B70-B081-AEE613B5C69F} = {D63A91A3-E097-4FDB-8E38-328FD77E9B8B}
	EndGlobalSection
	GlobalSection(ExtensibilityGlobals) = postSolution
		SolutionGuid = {BC0DFAE5-B7DE-4802-8BBE-799B7849416C}
	EndGlobalSection
EndGlobal
