
Microsoft Visual Studio Solution File, Format Version 12.00
# Visual Studio 15
VisualStudioVersion = 15.0.26730.10
MinimumVisualStudioVersion = 10.0.40219.1
Project("{FAE04EC0-301F-11D3-BF4B-00C04F79EFBC}") = "Example1-1Threads", "CSharpMicrostExam\Example1-1Threads.csproj", "{5E93C636-47B8-4743-AD40-E189F5C41444}"
EndProject
Project("{FAE04EC0-301F-11D3-BF4B-00C04F79EFBC}") = "Example1-2BackgroundThread", "Example1-2BackgroundThread\Example1-2BackgroundThread.csproj", "{02A36F3D-9A2A-4BE2-B0AB-4E79A43A8418}"
EndProject
Project("{FAE04EC0-301F-11D3-BF4B-00C04F79EFBC}") = "Example1-3ParameterizedThread", "Example1-3ParameterizedThread\Example1-3ParameterizedThread.csproj", "{9C273E8E-B4BA-432E-8C37-029442ECEC36}"
EndProject
Project("{FAE04EC0-301F-11D3-BF4B-00C04F79EFBC}") = "Example1-4StoppingAThread", "Example1-4StoppingAThread\Example1-4StoppingAThread.csproj", "{FDB06F21-8A24-427F-97DC-A10F64588FB0}"
EndProject
Project("{FAE04EC0-301F-11D3-BF4B-00C04F79EFBC}") = "Example1-5ThreadStaticAttribute", "Example1-5ThreadStaticAttribute\Example1-5ThreadStaticAttribute.csproj", "{E3A8A99B-F6C8-47B4-B93E-06E55F23ACAD}"
EndProject
Project("{FAE04EC0-301F-11D3-BF4B-00C04F79EFBC}") = "Example1-6ThreadLocalT", "Example1-6ThreadLocalT\Example1-6ThreadLocalT.csproj", "{2ECBE407-0ABF-4EB6-9086-0CC426032103}"
EndProject
Project("{FAE04EC0-301F-11D3-BF4B-00C04F79EFBC}") = "Example1-7QueuingUsingThreadPool", "Example1-7QueuingUsingThreadPool\Example1-7QueuingUsingThreadPool.csproj", "{460F0D97-0573-4A16-9682-0BBD38EF432C}"
EndProject
Project("{FAE04EC0-301F-11D3-BF4B-00C04F79EFBC}") = "Example1-8StartingATask", "Example1-8StartingATask\Example1-8StartingATask.csproj", "{748704BF-36B3-46F2-B8B3-EB831EE49135}"
EndProject
Global
	GlobalSection(SolutionConfigurationPlatforms) = preSolution
		Debug|Any CPU = Debug|Any CPU
		Release|Any CPU = Release|Any CPU
	EndGlobalSection
	GlobalSection(ProjectConfigurationPlatforms) = postSolution
		{5E93C636-47B8-4743-AD40-E189F5C41444}.Debug|Any CPU.ActiveCfg = Debug|Any CPU
		{5E93C636-47B8-4743-AD40-E189F5C41444}.Debug|Any CPU.Build.0 = Debug|Any CPU
		{5E93C636-47B8-4743-AD40-E189F5C41444}.Release|Any CPU.ActiveCfg = Release|Any CPU
		{5E93C636-47B8-4743-AD40-E189F5C41444}.Release|Any CPU.Build.0 = Release|Any CPU
		{02A36F3D-9A2A-4BE2-B0AB-4E79A43A8418}.Debug|Any CPU.ActiveCfg = Debug|Any CPU
		{02A36F3D-9A2A-4BE2-B0AB-4E79A43A8418}.Debug|Any CPU.Build.0 = Debug|Any CPU
		{02A36F3D-9A2A-4BE2-B0AB-4E79A43A8418}.Release|Any CPU.ActiveCfg = Release|Any CPU
		{02A36F3D-9A2A-4BE2-B0AB-4E79A43A8418}.Release|Any CPU.Build.0 = Release|Any CPU
		{9C273E8E-B4BA-432E-8C37-029442ECEC36}.Debug|Any CPU.ActiveCfg = Debug|Any CPU
		{9C273E8E-B4BA-432E-8C37-029442ECEC36}.Debug|Any CPU.Build.0 = Debug|Any CPU
		{9C273E8E-B4BA-432E-8C37-029442ECEC36}.Release|Any CPU.ActiveCfg = Release|Any CPU
		{9C273E8E-B4BA-432E-8C37-029442ECEC36}.Release|Any CPU.Build.0 = Release|Any CPU
		{FDB06F21-8A24-427F-97DC-A10F64588FB0}.Debug|Any CPU.ActiveCfg = Debug|Any CPU
		{FDB06F21-8A24-427F-97DC-A10F64588FB0}.Debug|Any CPU.Build.0 = Debug|Any CPU
		{FDB06F21-8A24-427F-97DC-A10F64588FB0}.Release|Any CPU.ActiveCfg = Release|Any CPU
		{FDB06F21-8A24-427F-97DC-A10F64588FB0}.Release|Any CPU.Build.0 = Release|Any CPU
		{E3A8A99B-F6C8-47B4-B93E-06E55F23ACAD}.Debug|Any CPU.ActiveCfg = Debug|Any CPU
		{E3A8A99B-F6C8-47B4-B93E-06E55F23ACAD}.Debug|Any CPU.Build.0 = Debug|Any CPU
		{E3A8A99B-F6C8-47B4-B93E-06E55F23ACAD}.Release|Any CPU.ActiveCfg = Release|Any CPU
		{E3A8A99B-F6C8-47B4-B93E-06E55F23ACAD}.Release|Any CPU.Build.0 = Release|Any CPU
		{2ECBE407-0ABF-4EB6-9086-0CC426032103}.Debug|Any CPU.ActiveCfg = Debug|Any CPU
		{2ECBE407-0ABF-4EB6-9086-0CC426032103}.Debug|Any CPU.Build.0 = Debug|Any CPU
		{2ECBE407-0ABF-4EB6-9086-0CC426032103}.Release|Any CPU.ActiveCfg = Release|Any CPU
		{2ECBE407-0ABF-4EB6-9086-0CC426032103}.Release|Any CPU.Build.0 = Release|Any CPU
		{460F0D97-0573-4A16-9682-0BBD38EF432C}.Debug|Any CPU.ActiveCfg = Debug|Any CPU
		{460F0D97-0573-4A16-9682-0BBD38EF432C}.Debug|Any CPU.Build.0 = Debug|Any CPU
		{460F0D97-0573-4A16-9682-0BBD38EF432C}.Release|Any CPU.ActiveCfg = Release|Any CPU
		{460F0D97-0573-4A16-9682-0BBD38EF432C}.Release|Any CPU.Build.0 = Release|Any CPU
		{748704BF-36B3-46F2-B8B3-EB831EE49135}.Debug|Any CPU.ActiveCfg = Debug|Any CPU
		{748704BF-36B3-46F2-B8B3-EB831EE49135}.Debug|Any CPU.Build.0 = Debug|Any CPU
		{748704BF-36B3-46F2-B8B3-EB831EE49135}.Release|Any CPU.ActiveCfg = Release|Any CPU
		{748704BF-36B3-46F2-B8B3-EB831EE49135}.Release|Any CPU.Build.0 = Release|Any CPU
	EndGlobalSection
	GlobalSection(SolutionProperties) = preSolution
		HideSolutionNode = FALSE
	EndGlobalSection
	GlobalSection(ExtensibilityGlobals) = postSolution
		SolutionGuid = {BC0DFAE5-B7DE-4802-8BBE-799B7849416C}
	EndGlobalSection
EndGlobal
